// !$*UTF8*$!
{
	archiveVersion = 1;
	classes = {
	};
	objectVersion = 51;
	objects = {

/* Begin PBXBuildFile section */
		2B1541A3256A09EF00DB2178 /* TripleClassifier.mlmodel in Sources */ = {isa = PBXBuildFile; fileRef = 2B1541A2256A09EF00DB2178 /* TripleClassifier.mlmodel */; };
		2B1541A8256A179500DB2178 /* IMG_0907.MOV in Resources */ = {isa = PBXBuildFile; fileRef = 2B1541A7256A179500DB2178 /* IMG_0907.MOV */; };
		2B1541AD256A17AB00DB2178 /* ideal-vball.mov in Resources */ = {isa = PBXBuildFile; fileRef = 2B1541AC256A17AB00DB2178 /* ideal-vball.mov */; };
		2B29FA28256905E600BB577E /* CameraViewController.xib in Resources */ = {isa = PBXBuildFile; fileRef = 2B29FA27256905E600BB577E /* CameraViewController.xib */; };
		2B29FA2D2569062D00BB577E /* CameraViewController.swift in Sources */ = {isa = PBXBuildFile; fileRef = 2B29FA2C2569062D00BB577E /* CameraViewController.swift */; };
		2B29FA322569082F00BB577E /* Common.swift in Sources */ = {isa = PBXBuildFile; fileRef = 2B29FA312569082F00BB577E /* Common.swift */; };
		2B29FA37256908C000BB577E /* VideoOutputViews.swift in Sources */ = {isa = PBXBuildFile; fileRef = 2B29FA36256908C000BB577E /* VideoOutputViews.swift */; };
		2B29FA3F25691B8600BB577E /* AnimatingTransitioning.swift in Sources */ = {isa = PBXBuildFile; fileRef = 2B29FA3E25691B8600BB577E /* AnimatingTransitioning.swift */; };
		2B29FA4425691BA300BB577E /* BoundingBoxView.swift in Sources */ = {isa = PBXBuildFile; fileRef = 2B29FA4325691BA300BB577E /* BoundingBoxView.swift */; };
		2B29FA4925691CB900BB577E /* DetectionViewController.swift in Sources */ = {isa = PBXBuildFile; fileRef = 2B29FA4825691CB900BB577E /* DetectionViewController.swift */; };
		2B29FA4E25691CCF00BB577E /* DetectionViewController.xib in Resources */ = {isa = PBXBuildFile; fileRef = 2B29FA4D25691CCF00BB577E /* DetectionViewController.xib */; };
		2B29FA5325691FE000BB577E /* JointSegmentView.swift in Sources */ = {isa = PBXBuildFile; fileRef = 2B29FA5225691FE000BB577E /* JointSegmentView.swift */; };
		2B6FAEBA2569BBB0009756A8 /* DetailsViewController.storyboard in Resources */ = {isa = PBXBuildFile; fileRef = 2B6FAEB92569BBB0009756A8 /* DetailsViewController.storyboard */; };
		2B6FAEBF2569BBC4009756A8 /* DetailsViewController.swift in Sources */ = {isa = PBXBuildFile; fileRef = 2B6FAEBE2569BBC4009756A8 /* DetailsViewController.swift */; };
		2B9545392568CED60064C069 /* AppDelegate.swift in Sources */ = {isa = PBXBuildFile; fileRef = 2B9545382568CED60064C069 /* AppDelegate.swift */; };
		2B95453B2568CED60064C069 /* ViewController.swift in Sources */ = {isa = PBXBuildFile; fileRef = 2B95453A2568CED60064C069 /* ViewController.swift */; };
		2B95453D2568CED60064C069 /* Experience.rcproject in Sources */ = {isa = PBXBuildFile; fileRef = 2B95453C2568CED60064C069 /* Experience.rcproject */; };
		2B9545402568CED60064C069 /* Main.storyboard in Resources */ = {isa = PBXBuildFile; fileRef = 2B95453E2568CED60064C069 /* Main.storyboard */; };
		2B9545422568CED70064C069 /* Assets.xcassets in Resources */ = {isa = PBXBuildFile; fileRef = 2B9545412568CED70064C069 /* Assets.xcassets */; };
		2B9545452568CED70064C069 /* LaunchScreen.storyboard in Resources */ = {isa = PBXBuildFile; fileRef = 2B9545432568CED70064C069 /* LaunchScreen.storyboard */; };
		2B9545502568CED70064C069 /* HackWesternTests.swift in Sources */ = {isa = PBXBuildFile; fileRef = 2B95454F2568CED70064C069 /* HackWesternTests.swift */; };
		2B95455B2568CED70064C069 /* HackWesternUITests.swift in Sources */ = {isa = PBXBuildFile; fileRef = 2B95455A2568CED70064C069 /* HackWesternUITests.swift */; };
		5504DA1F3190132C551A0E14 /* Pods_HackWestern.framework in Frameworks */ = {isa = PBXBuildFile; fileRef = 659F4ACBDF2E3CE72226FBBF /* Pods_HackWestern.framework */; };
/* End PBXBuildFile section */

/* Begin PBXContainerItemProxy section */
		2B95454C2568CED70064C069 /* PBXContainerItemProxy */ = {
			isa = PBXContainerItemProxy;
			containerPortal = 2B95452D2568CED60064C069 /* Project object */;
			proxyType = 1;
			remoteGlobalIDString = 2B9545342568CED60064C069;
			remoteInfo = HackWestern;
		};
		2B9545572568CED70064C069 /* PBXContainerItemProxy */ = {
			isa = PBXContainerItemProxy;
			containerPortal = 2B95452D2568CED60064C069 /* Project object */;
			proxyType = 1;
			remoteGlobalIDString = 2B9545342568CED60064C069;
			remoteInfo = HackWestern;
		};
/* End PBXContainerItemProxy section */

/* Begin PBXFileReference section */
		2B1541A2256A09EF00DB2178 /* TripleClassifier.mlmodel */ = {isa = PBXFileReference; lastKnownFileType = file.mlmodel; path = TripleClassifier.mlmodel; sourceTree = "<group>"; };
		2B1541A7256A179500DB2178 /* IMG_0907.MOV */ = {isa = PBXFileReference; lastKnownFileType = video.quicktime; path = IMG_0907.MOV; sourceTree = "<group>"; };
		2B1541AC256A17AB00DB2178 /* ideal-vball.mov */ = {isa = PBXFileReference; lastKnownFileType = video.quicktime; path = "ideal-vball.mov"; sourceTree = "<group>"; };
		2B29FA27256905E600BB577E /* CameraViewController.xib */ = {isa = PBXFileReference; lastKnownFileType = file.xib; path = CameraViewController.xib; sourceTree = "<group>"; };
		2B29FA2C2569062D00BB577E /* CameraViewController.swift */ = {isa = PBXFileReference; lastKnownFileType = sourcecode.swift; path = CameraViewController.swift; sourceTree = "<group>"; };
		2B29FA312569082F00BB577E /* Common.swift */ = {isa = PBXFileReference; lastKnownFileType = sourcecode.swift; path = Common.swift; sourceTree = "<group>"; };
		2B29FA36256908C000BB577E /* VideoOutputViews.swift */ = {isa = PBXFileReference; lastKnownFileType = sourcecode.swift; path = VideoOutputViews.swift; sourceTree = "<group>"; };
		2B29FA3E25691B8600BB577E /* AnimatingTransitioning.swift */ = {isa = PBXFileReference; lastKnownFileType = sourcecode.swift; path = AnimatingTransitioning.swift; sourceTree = "<group>"; };
		2B29FA4325691BA300BB577E /* BoundingBoxView.swift */ = {isa = PBXFileReference; lastKnownFileType = sourcecode.swift; path = BoundingBoxView.swift; sourceTree = "<group>"; };
		2B29FA4825691CB900BB577E /* DetectionViewController.swift */ = {isa = PBXFileReference; lastKnownFileType = sourcecode.swift; path = DetectionViewController.swift; sourceTree = "<group>"; };
		2B29FA4D25691CCF00BB577E /* DetectionViewController.xib */ = {isa = PBXFileReference; lastKnownFileType = file.xib; path = DetectionViewController.xib; sourceTree = "<group>"; };
		2B29FA5225691FE000BB577E /* JointSegmentView.swift */ = {isa = PBXFileReference; lastKnownFileType = sourcecode.swift; path = JointSegmentView.swift; sourceTree = "<group>"; };
		2B6FAEB92569BBB0009756A8 /* DetailsViewController.storyboard */ = {isa = PBXFileReference; lastKnownFileType = file.storyboard; path = DetailsViewController.storyboard; sourceTree = "<group>"; };
		2B6FAEBE2569BBC4009756A8 /* DetailsViewController.swift */ = {isa = PBXFileReference; lastKnownFileType = sourcecode.swift; path = DetailsViewController.swift; sourceTree = "<group>"; };
		2B9545352568CED60064C069 /* HackWestern.app */ = {isa = PBXFileReference; explicitFileType = wrapper.application; includeInIndex = 0; path = HackWestern.app; sourceTree = BUILT_PRODUCTS_DIR; };
		2B9545382568CED60064C069 /* AppDelegate.swift */ = {isa = PBXFileReference; lastKnownFileType = sourcecode.swift; path = AppDelegate.swift; sourceTree = "<group>"; };
		2B95453A2568CED60064C069 /* ViewController.swift */ = {isa = PBXFileReference; lastKnownFileType = sourcecode.swift; path = ViewController.swift; sourceTree = "<group>"; };
		2B95453C2568CED60064C069 /* Experience.rcproject */ = {isa = PBXFileReference; lastKnownFileType = file.rcproject; path = Experience.rcproject; sourceTree = "<group>"; };
		2B95453F2568CED60064C069 /* Base */ = {isa = PBXFileReference; lastKnownFileType = file.storyboard; name = Base; path = Base.lproj/Main.storyboard; sourceTree = "<group>"; };
		2B9545412568CED70064C069 /* Assets.xcassets */ = {isa = PBXFileReference; lastKnownFileType = folder.assetcatalog; path = Assets.xcassets; sourceTree = "<group>"; };
		2B9545442568CED70064C069 /* Base */ = {isa = PBXFileReference; lastKnownFileType = file.storyboard; name = Base; path = Base.lproj/LaunchScreen.storyboard; sourceTree = "<group>"; };
		2B9545462568CED70064C069 /* Info.plist */ = {isa = PBXFileReference; lastKnownFileType = text.plist.xml; path = Info.plist; sourceTree = "<group>"; };
		2B95454B2568CED70064C069 /* HackWesternTests.xctest */ = {isa = PBXFileReference; explicitFileType = wrapper.cfbundle; includeInIndex = 0; path = HackWesternTests.xctest; sourceTree = BUILT_PRODUCTS_DIR; };
		2B95454F2568CED70064C069 /* HackWesternTests.swift */ = {isa = PBXFileReference; lastKnownFileType = sourcecode.swift; path = HackWesternTests.swift; sourceTree = "<group>"; };
		2B9545512568CED70064C069 /* Info.plist */ = {isa = PBXFileReference; lastKnownFileType = text.plist.xml; path = Info.plist; sourceTree = "<group>"; };
		2B9545562568CED70064C069 /* HackWesternUITests.xctest */ = {isa = PBXFileReference; explicitFileType = wrapper.cfbundle; includeInIndex = 0; path = HackWesternUITests.xctest; sourceTree = BUILT_PRODUCTS_DIR; };
		2B95455A2568CED70064C069 /* HackWesternUITests.swift */ = {isa = PBXFileReference; lastKnownFileType = sourcecode.swift; path = HackWesternUITests.swift; sourceTree = "<group>"; };
		2B95455C2568CED70064C069 /* Info.plist */ = {isa = PBXFileReference; lastKnownFileType = text.plist.xml; path = Info.plist; sourceTree = "<group>"; };
		659F4ACBDF2E3CE72226FBBF /* Pods_HackWestern.framework */ = {isa = PBXFileReference; explicitFileType = wrapper.framework; includeInIndex = 0; path = Pods_HackWestern.framework; sourceTree = BUILT_PRODUCTS_DIR; };
		BC86C95FE0328F633FEB9F84 /* Pods-HackWestern.debug.xcconfig */ = {isa = PBXFileReference; includeInIndex = 1; lastKnownFileType = text.xcconfig; name = "Pods-HackWestern.debug.xcconfig"; path = "Target Support Files/Pods-HackWestern/Pods-HackWestern.debug.xcconfig"; sourceTree = "<group>"; };
		F602A6AAF7DBA959E742B6AF /* Pods-HackWestern.release.xcconfig */ = {isa = PBXFileReference; includeInIndex = 1; lastKnownFileType = text.xcconfig; name = "Pods-HackWestern.release.xcconfig"; path = "Target Support Files/Pods-HackWestern/Pods-HackWestern.release.xcconfig"; sourceTree = "<group>"; };
/* End PBXFileReference section */

/* Begin PBXFrameworksBuildPhase section */
		2B9545322568CED60064C069 /* Frameworks */ = {
			isa = PBXFrameworksBuildPhase;
			buildActionMask = 2147483647;
			files = (
				5504DA1F3190132C551A0E14 /* Pods_HackWestern.framework in Frameworks */,
			);
			runOnlyForDeploymentPostprocessing = 0;
		};
		2B9545482568CED70064C069 /* Frameworks */ = {
			isa = PBXFrameworksBuildPhase;
			buildActionMask = 2147483647;
			files = (
			);
			runOnlyForDeploymentPostprocessing = 0;
		};
		2B9545532568CED70064C069 /* Frameworks */ = {
			isa = PBXFrameworksBuildPhase;
			buildActionMask = 2147483647;
			files = (
			);
			runOnlyForDeploymentPostprocessing = 0;
		};
/* End PBXFrameworksBuildPhase section */

/* Begin PBXGroup section */
		1BDA5703DE15E52869EF4916 /* Frameworks */ = {
			isa = PBXGroup;
			children = (
				659F4ACBDF2E3CE72226FBBF /* Pods_HackWestern.framework */,
			);
			name = Frameworks;
			sourceTree = "<group>";
		};
		2B95452C2568CED60064C069 = {
			isa = PBXGroup;
			children = (
				2B9545372568CED60064C069 /* HackWestern */,
				2B95454E2568CED70064C069 /* HackWesternTests */,
				2B9545592568CED70064C069 /* HackWesternUITests */,
				2B9545362568CED60064C069 /* Products */,
				EF08B7B4D8C852B6F26D017C /* Pods */,
				1BDA5703DE15E52869EF4916 /* Frameworks */,
			);
			sourceTree = "<group>";
		};
		2B9545362568CED60064C069 /* Products */ = {
			isa = PBXGroup;
			children = (
				2B9545352568CED60064C069 /* HackWestern.app */,
				2B95454B2568CED70064C069 /* HackWesternTests.xctest */,
				2B9545562568CED70064C069 /* HackWesternUITests.xctest */,
			);
			name = Products;
			sourceTree = "<group>";
		};
		2B9545372568CED60064C069 /* HackWestern */ = {
			isa = PBXGroup;
			children = (
				2B1541AC256A17AB00DB2178 /* ideal-vball.mov */,
				2B1541A7256A179500DB2178 /* IMG_0907.MOV */,
				2B1541A2256A09EF00DB2178 /* TripleClassifier.mlmodel */,
				2B9545382568CED60064C069 /* AppDelegate.swift */,
				2B95453A2568CED60064C069 /* ViewController.swift */,
				2B95453C2568CED60064C069 /* Experience.rcproject */,
				2B95453E2568CED60064C069 /* Main.storyboard */,
				2B9545412568CED70064C069 /* Assets.xcassets */,
				2B9545432568CED70064C069 /* LaunchScreen.storyboard */,
				2B9545462568CED70064C069 /* Info.plist */,
				2B29FA27256905E600BB577E /* CameraViewController.xib */,
				2B29FA2C2569062D00BB577E /* CameraViewController.swift */,
				2B29FA312569082F00BB577E /* Common.swift */,
				2B29FA36256908C000BB577E /* VideoOutputViews.swift */,
				2B29FA3E25691B8600BB577E /* AnimatingTransitioning.swift */,
				2B29FA4325691BA300BB577E /* BoundingBoxView.swift */,
				2B29FA4825691CB900BB577E /* DetectionViewController.swift */,
				2B29FA4D25691CCF00BB577E /* DetectionViewController.xib */,
				2B29FA5225691FE000BB577E /* JointSegmentView.swift */,
				2B6FAEB92569BBB0009756A8 /* DetailsViewController.storyboard */,
				2B6FAEBE2569BBC4009756A8 /* DetailsViewController.swift */,
			);
			path = HackWestern;
			sourceTree = "<group>";
		};
		2B95454E2568CED70064C069 /* HackWesternTests */ = {
			isa = PBXGroup;
			children = (
				2B95454F2568CED70064C069 /* HackWesternTests.swift */,
				2B9545512568CED70064C069 /* Info.plist */,
			);
			path = HackWesternTests;
			sourceTree = "<group>";
		};
		2B9545592568CED70064C069 /* HackWesternUITests */ = {
			isa = PBXGroup;
			children = (
				2B95455A2568CED70064C069 /* HackWesternUITests.swift */,
				2B95455C2568CED70064C069 /* Info.plist */,
			);
			path = HackWesternUITests;
			sourceTree = "<group>";
		};
		EF08B7B4D8C852B6F26D017C /* Pods */ = {
			isa = PBXGroup;
			children = (
				BC86C95FE0328F633FEB9F84 /* Pods-HackWestern.debug.xcconfig */,
				F602A6AAF7DBA959E742B6AF /* Pods-HackWestern.release.xcconfig */,
			);
			path = Pods;
			sourceTree = "<group>";
		};
/* End PBXGroup section */

/* Begin PBXNativeTarget section */
		2B9545342568CED60064C069 /* HackWestern */ = {
			isa = PBXNativeTarget;
			buildConfigurationList = 2B95455F2568CED70064C069 /* Build configuration list for PBXNativeTarget "HackWestern" */;
			buildPhases = (
				0661B025C009BEA5A2439BC8 /* [CP] Check Pods Manifest.lock */,
				2B9545312568CED60064C069 /* Sources */,
				2B9545322568CED60064C069 /* Frameworks */,
				2B9545332568CED60064C069 /* Resources */,
				574E94BCB236ABA9207DFE6B /* [CP] Embed Pods Frameworks */,
			);
			buildRules = (
			);
			dependencies = (
			);
			name = HackWestern;
			productName = HackWestern;
			productReference = 2B9545352568CED60064C069 /* HackWestern.app */;
			productType = "com.apple.product-type.application";
		};
		2B95454A2568CED70064C069 /* HackWesternTests */ = {
			isa = PBXNativeTarget;
			buildConfigurationList = 2B9545622568CED70064C069 /* Build configuration list for PBXNativeTarget "HackWesternTests" */;
			buildPhases = (
				2B9545472568CED70064C069 /* Sources */,
				2B9545482568CED70064C069 /* Frameworks */,
				2B9545492568CED70064C069 /* Resources */,
			);
			buildRules = (
			);
			dependencies = (
				2B95454D2568CED70064C069 /* PBXTargetDependency */,
			);
			name = HackWesternTests;
			productName = HackWesternTests;
			productReference = 2B95454B2568CED70064C069 /* HackWesternTests.xctest */;
			productType = "com.apple.product-type.bundle.unit-test";
		};
		2B9545552568CED70064C069 /* HackWesternUITests */ = {
			isa = PBXNativeTarget;
			buildConfigurationList = 2B9545652568CED70064C069 /* Build configuration list for PBXNativeTarget "HackWesternUITests" */;
			buildPhases = (
				2B9545522568CED70064C069 /* Sources */,
				2B9545532568CED70064C069 /* Frameworks */,
				2B9545542568CED70064C069 /* Resources */,
			);
			buildRules = (
			);
			dependencies = (
				2B9545582568CED70064C069 /* PBXTargetDependency */,
			);
			name = HackWesternUITests;
			productName = HackWesternUITests;
			productReference = 2B9545562568CED70064C069 /* HackWesternUITests.xctest */;
			productType = "com.apple.product-type.bundle.ui-testing";
		};
/* End PBXNativeTarget section */

/* Begin PBXProject section */
		2B95452D2568CED60064C069 /* Project object */ = {
			isa = PBXProject;
			attributes = {
				LastSwiftUpdateCheck = 1220;
				LastUpgradeCheck = 1220;
				TargetAttributes = {
					2B9545342568CED60064C069 = {
						CreatedOnToolsVersion = 12.2;
					};
					2B95454A2568CED70064C069 = {
						CreatedOnToolsVersion = 12.2;
						TestTargetID = 2B9545342568CED60064C069;
					};
					2B9545552568CED70064C069 = {
						CreatedOnToolsVersion = 12.2;
						TestTargetID = 2B9545342568CED60064C069;
					};
				};
			};
			buildConfigurationList = 2B9545302568CED60064C069 /* Build configuration list for PBXProject "HackWestern" */;
			compatibilityVersion = "Xcode 9.3";
			developmentRegion = en;
			hasScannedForEncodings = 0;
			knownRegions = (
				en,
				Base,
			);
			mainGroup = 2B95452C2568CED60064C069;
			productRefGroup = 2B9545362568CED60064C069 /* Products */;
			projectDirPath = "";
			projectRoot = "";
			targets = (
				2B9545342568CED60064C069 /* HackWestern */,
				2B95454A2568CED70064C069 /* HackWesternTests */,
				2B9545552568CED70064C069 /* HackWesternUITests */,
			);
		};
/* End PBXProject section */

/* Begin PBXResourcesBuildPhase section */
		2B9545332568CED60064C069 /* Resources */ = {
			isa = PBXResourcesBuildPhase;
			buildActionMask = 2147483647;
			files = (
				2B6FAEBA2569BBB0009756A8 /* DetailsViewController.storyboard in Resources */,
				2B9545452568CED70064C069 /* LaunchScreen.storyboard in Resources */,
				2B1541A8256A179500DB2178 /* IMG_0907.MOV in Resources */,
				2B29FA28256905E600BB577E /* CameraViewController.xib in Resources */,
				2B1541AD256A17AB00DB2178 /* ideal-vball.mov in Resources */,
				2B29FA4E25691CCF00BB577E /* DetectionViewController.xib in Resources */,
				2B9545422568CED70064C069 /* Assets.xcassets in Resources */,
				2B9545402568CED60064C069 /* Main.storyboard in Resources */,
			);
			runOnlyForDeploymentPostprocessing = 0;
		};
		2B9545492568CED70064C069 /* Resources */ = {
			isa = PBXResourcesBuildPhase;
			buildActionMask = 2147483647;
			files = (
			);
			runOnlyForDeploymentPostprocessing = 0;
		};
		2B9545542568CED70064C069 /* Resources */ = {
			isa = PBXResourcesBuildPhase;
			buildActionMask = 2147483647;
			files = (
			);
			runOnlyForDeploymentPostprocessing = 0;
		};
/* End PBXResourcesBuildPhase section */

/* Begin PBXShellScriptBuildPhase section */
		0661B025C009BEA5A2439BC8 /* [CP] Check Pods Manifest.lock */ = {
			isa = PBXShellScriptBuildPhase;
			buildActionMask = 2147483647;
			files = (
			);
			inputFileListPaths = (
			);
			inputPaths = (
				"${PODS_PODFILE_DIR_PATH}/Podfile.lock",
				"${PODS_ROOT}/Manifest.lock",
			);
			name = "[CP] Check Pods Manifest.lock";
			outputFileListPaths = (
			);
			outputPaths = (
				"$(DERIVED_FILE_DIR)/Pods-HackWestern-checkManifestLockResult.txt",
			);
			runOnlyForDeploymentPostprocessing = 0;
			shellPath = /bin/sh;
			shellScript = "diff \"${PODS_PODFILE_DIR_PATH}/Podfile.lock\" \"${PODS_ROOT}/Manifest.lock\" > /dev/null\nif [ $? != 0 ] ; then\n    # print error to STDERR\n    echo \"error: The sandbox is not in sync with the Podfile.lock. Run 'pod install' or update your CocoaPods installation.\" >&2\n    exit 1\nfi\n# This output is used by Xcode 'outputs' to avoid re-running this script phase.\necho \"SUCCESS\" > \"${SCRIPT_OUTPUT_FILE_0}\"\n";
			showEnvVarsInLog = 0;
		};
		574E94BCB236ABA9207DFE6B /* [CP] Embed Pods Frameworks */ = {
			isa = PBXShellScriptBuildPhase;
			buildActionMask = 2147483647;
			files = (
			);
			inputFileListPaths = (
				"${PODS_ROOT}/Target Support Files/Pods-HackWestern/Pods-HackWestern-frameworks-${CONFIGURATION}-input-files.xcfilelist",
			);
			name = "[CP] Embed Pods Frameworks";
			outputFileListPaths = (
				"${PODS_ROOT}/Target Support Files/Pods-HackWestern/Pods-HackWestern-frameworks-${CONFIGURATION}-output-files.xcfilelist",
			);
			runOnlyForDeploymentPostprocessing = 0;
			shellPath = /bin/sh;
			shellScript = "\"${PODS_ROOT}/Target Support Files/Pods-HackWestern/Pods-HackWestern-frameworks.sh\"\n";
			showEnvVarsInLog = 0;
		};
/* End PBXShellScriptBuildPhase section */

/* Begin PBXSourcesBuildPhase section */
		2B9545312568CED60064C069 /* Sources */ = {
			isa = PBXSourcesBuildPhase;
			buildActionMask = 2147483647;
			files = (
				2B95453B2568CED60064C069 /* ViewController.swift in Sources */,
				2B29FA5325691FE000BB577E /* JointSegmentView.swift in Sources */,
				2B29FA4925691CB900BB577E /* DetectionViewController.swift in Sources */,
				2B6FAEBF2569BBC4009756A8 /* DetailsViewController.swift in Sources */,
				2B29FA37256908C000BB577E /* VideoOutputViews.swift in Sources */,
				2B1541A3256A09EF00DB2178 /* TripleClassifier.mlmodel in Sources */,
				2B29FA4425691BA300BB577E /* BoundingBoxView.swift in Sources */,
				2B29FA3F25691B8600BB577E /* AnimatingTransitioning.swift in Sources */,
				2B29FA2D2569062D00BB577E /* CameraViewController.swift in Sources */,
				2B9545392568CED60064C069 /* AppDelegate.swift in Sources */,
				2B29FA322569082F00BB577E /* Common.swift in Sources */,
				2B95453D2568CED60064C069 /* Experience.rcproject in Sources */,
			);
			runOnlyForDeploymentPostprocessing = 0;
		};
		2B9545472568CED70064C069 /* Sources */ = {
			isa = PBXSourcesBuildPhase;
			buildActionMask = 2147483647;
			files = (
				2B9545502568CED70064C069 /* HackWesternTests.swift in Sources */,
			);
			runOnlyForDeploymentPostprocessing = 0;
		};
		2B9545522568CED70064C069 /* Sources */ = {
			isa = PBXSourcesBuildPhase;
			buildActionMask = 2147483647;
			files = (
				2B95455B2568CED70064C069 /* HackWesternUITests.swift in Sources */,
			);
			runOnlyForDeploymentPostprocessing = 0;
		};
/* End PBXSourcesBuildPhase section */

/* Begin PBXTargetDependency section */
		2B95454D2568CED70064C069 /* PBXTargetDependency */ = {
			isa = PBXTargetDependency;
			target = 2B9545342568CED60064C069 /* HackWestern */;
			targetProxy = 2B95454C2568CED70064C069 /* PBXContainerItemProxy */;
		};
		2B9545582568CED70064C069 /* PBXTargetDependency */ = {
			isa = PBXTargetDependency;
			target = 2B9545342568CED60064C069 /* HackWestern */;
			targetProxy = 2B9545572568CED70064C069 /* PBXContainerItemProxy */;
		};
/* End PBXTargetDependency section */

/* Begin PBXVariantGroup section */
		2B95453E2568CED60064C069 /* Main.storyboard */ = {
			isa = PBXVariantGroup;
			children = (
				2B95453F2568CED60064C069 /* Base */,
			);
			name = Main.storyboard;
			sourceTree = "<group>";
		};
		2B9545432568CED70064C069 /* LaunchScreen.storyboard */ = {
			isa = PBXVariantGroup;
			children = (
				2B9545442568CED70064C069 /* Base */,
			);
			name = LaunchScreen.storyboard;
			sourceTree = "<group>";
		};
/* End PBXVariantGroup section */

/* Begin XCBuildConfiguration section */
		2B95455D2568CED70064C069 /* Debug */ = {
			isa = XCBuildConfiguration;
			buildSettings = {
				ALWAYS_SEARCH_USER_PATHS = NO;
				CLANG_ANALYZER_NONNULL = YES;
				CLANG_ANALYZER_NUMBER_OBJECT_CONVERSION = YES_AGGRESSIVE;
				CLANG_CXX_LANGUAGE_STANDARD = "gnu++14";
				CLANG_CXX_LIBRARY = "libc++";
				CLANG_ENABLE_MODULES = YES;
				CLANG_ENABLE_OBJC_ARC = YES;
				CLANG_ENABLE_OBJC_WEAK = YES;
				CLANG_WARN_BLOCK_CAPTURE_AUTORELEASING = YES;
				CLANG_WARN_BOOL_CONVERSION = YES;
				CLANG_WARN_COMMA = YES;
				CLANG_WARN_CONSTANT_CONVERSION = YES;
				CLANG_WARN_DEPRECATED_OBJC_IMPLEMENTATIONS = YES;
				CLANG_WARN_DIRECT_OBJC_ISA_USAGE = YES_ERROR;
				CLANG_WARN_DOCUMENTATION_COMMENTS = YES;
				CLANG_WARN_EMPTY_BODY = YES;
				CLANG_WARN_ENUM_CONVERSION = YES;
				CLANG_WARN_INFINITE_RECURSION = YES;
				CLANG_WARN_INT_CONVERSION = YES;
				CLANG_WARN_NON_LITERAL_NULL_CONVERSION = YES;
				CLANG_WARN_OBJC_IMPLICIT_RETAIN_SELF = YES;
				CLANG_WARN_OBJC_LITERAL_CONVERSION = YES;
				CLANG_WARN_OBJC_ROOT_CLASS = YES_ERROR;
				CLANG_WARN_QUOTED_INCLUDE_IN_FRAMEWORK_HEADER = YES;
				CLANG_WARN_RANGE_LOOP_ANALYSIS = YES;
				CLANG_WARN_STRICT_PROTOTYPES = YES;
				CLANG_WARN_SUSPICIOUS_MOVE = YES;
				CLANG_WARN_UNGUARDED_AVAILABILITY = YES_AGGRESSIVE;
				CLANG_WARN_UNREACHABLE_CODE = YES;
				CLANG_WARN__DUPLICATE_METHOD_MATCH = YES;
				COPY_PHASE_STRIP = NO;
				DEBUG_INFORMATION_FORMAT = dwarf;
				ENABLE_STRICT_OBJC_MSGSEND = YES;
				ENABLE_TESTABILITY = YES;
				GCC_C_LANGUAGE_STANDARD = gnu11;
				GCC_DYNAMIC_NO_PIC = NO;
				GCC_NO_COMMON_BLOCKS = YES;
				GCC_OPTIMIZATION_LEVEL = 0;
				GCC_PREPROCESSOR_DEFINITIONS = (
					"DEBUG=1",
					"$(inherited)",
				);
				GCC_WARN_64_TO_32_BIT_CONVERSION = YES;
				GCC_WARN_ABOUT_RETURN_TYPE = YES_ERROR;
				GCC_WARN_UNDECLARED_SELECTOR = YES;
				GCC_WARN_UNINITIALIZED_AUTOS = YES_AGGRESSIVE;
				GCC_WARN_UNUSED_FUNCTION = YES;
				GCC_WARN_UNUSED_VARIABLE = YES;
				IPHONEOS_DEPLOYMENT_TARGET = 14.2;
				MTL_ENABLE_DEBUG_INFO = INCLUDE_SOURCE;
				MTL_FAST_MATH = YES;
				ONLY_ACTIVE_ARCH = YES;
				SDKROOT = iphoneos;
				SWIFT_ACTIVE_COMPILATION_CONDITIONS = DEBUG;
				SWIFT_OPTIMIZATION_LEVEL = "-Onone";
			};
			name = Debug;
		};
		2B95455E2568CED70064C069 /* Release */ = {
			isa = XCBuildConfiguration;
			buildSettings = {
				ALWAYS_SEARCH_USER_PATHS = NO;
				CLANG_ANALYZER_NONNULL = YES;
				CLANG_ANALYZER_NUMBER_OBJECT_CONVERSION = YES_AGGRESSIVE;
				CLANG_CXX_LANGUAGE_STANDARD = "gnu++14";
				CLANG_CXX_LIBRARY = "libc++";
				CLANG_ENABLE_MODULES = YES;
				CLANG_ENABLE_OBJC_ARC = YES;
				CLANG_ENABLE_OBJC_WEAK = YES;
				CLANG_WARN_BLOCK_CAPTURE_AUTORELEASING = YES;
				CLANG_WARN_BOOL_CONVERSION = YES;
				CLANG_WARN_COMMA = YES;
				CLANG_WARN_CONSTANT_CONVERSION = YES;
				CLANG_WARN_DEPRECATED_OBJC_IMPLEMENTATIONS = YES;
				CLANG_WARN_DIRECT_OBJC_ISA_USAGE = YES_ERROR;
				CLANG_WARN_DOCUMENTATION_COMMENTS = YES;
				CLANG_WARN_EMPTY_BODY = YES;
				CLANG_WARN_ENUM_CONVERSION = YES;
				CLANG_WARN_INFINITE_RECURSION = YES;
				CLANG_WARN_INT_CONVERSION = YES;
				CLANG_WARN_NON_LITERAL_NULL_CONVERSION = YES;
				CLANG_WARN_OBJC_IMPLICIT_RETAIN_SELF = YES;
				CLANG_WARN_OBJC_LITERAL_CONVERSION = YES;
				CLANG_WARN_OBJC_ROOT_CLASS = YES_ERROR;
				CLANG_WARN_QUOTED_INCLUDE_IN_FRAMEWORK_HEADER = YES;
				CLANG_WARN_RANGE_LOOP_ANALYSIS = YES;
				CLANG_WARN_STRICT_PROTOTYPES = YES;
				CLANG_WARN_SUSPICIOUS_MOVE = YES;
				CLANG_WARN_UNGUARDED_AVAILABILITY = YES_AGGRESSIVE;
				CLANG_WARN_UNREACHABLE_CODE = YES;
				CLANG_WARN__DUPLICATE_METHOD_MATCH = YES;
				COPY_PHASE_STRIP = NO;
				DEBUG_INFORMATION_FORMAT = "dwarf-with-dsym";
				ENABLE_NS_ASSERTIONS = NO;
				ENABLE_STRICT_OBJC_MSGSEND = YES;
				GCC_C_LANGUAGE_STANDARD = gnu11;
				GCC_NO_COMMON_BLOCKS = YES;
				GCC_WARN_64_TO_32_BIT_CONVERSION = YES;
				GCC_WARN_ABOUT_RETURN_TYPE = YES_ERROR;
				GCC_WARN_UNDECLARED_SELECTOR = YES;
				GCC_WARN_UNINITIALIZED_AUTOS = YES_AGGRESSIVE;
				GCC_WARN_UNUSED_FUNCTION = YES;
				GCC_WARN_UNUSED_VARIABLE = YES;
				IPHONEOS_DEPLOYMENT_TARGET = 14.2;
				MTL_ENABLE_DEBUG_INFO = NO;
				MTL_FAST_MATH = YES;
				SDKROOT = iphoneos;
				SWIFT_COMPILATION_MODE = wholemodule;
				SWIFT_OPTIMIZATION_LEVEL = "-O";
				VALIDATE_PRODUCT = YES;
			};
			name = Release;
		};
		2B9545602568CED70064C069 /* Debug */ = {
			isa = XCBuildConfiguration;
			baseConfigurationReference = BC86C95FE0328F633FEB9F84 /* Pods-HackWestern.debug.xcconfig */;
			buildSettings = {
				ASSETCATALOG_COMPILER_APPICON_NAME = AppIcon;
				ASSETCATALOG_COMPILER_GLOBAL_ACCENT_COLOR_NAME = AccentColor;
				CODE_SIGN_STYLE = Automatic;
				DEVELOPMENT_TEAM = 7YA9SZR3U5;
				INFOPLIST_FILE = HackWestern/Info.plist;
				LD_RUNPATH_SEARCH_PATHS = (
					"$(inherited)",
					"@executable_path/Frameworks",
				);
				PRODUCT_BUNDLE_IDENTIFIER = rafitj.HackWestern;
				PRODUCT_NAME = "$(TARGET_NAME)";
				SWIFT_VERSION = 5.0;
				TARGETED_DEVICE_FAMILY = "1,2";
			};
			name = Debug;
		};
		2B9545612568CED70064C069 /* Release */ = {
			isa = XCBuildConfiguration;
			baseConfigurationReference = F602A6AAF7DBA959E742B6AF /* Pods-HackWestern.release.xcconfig */;
			buildSettings = {
				ASSETCATALOG_COMPILER_APPICON_NAME = AppIcon;
				ASSETCATALOG_COMPILER_GLOBAL_ACCENT_COLOR_NAME = AccentColor;
				CODE_SIGN_STYLE = Automatic;
				DEVELOPMENT_TEAM = 7YA9SZR3U5;
				INFOPLIST_FILE = HackWestern/Info.plist;
				LD_RUNPATH_SEARCH_PATHS = (
					"$(inherited)",
					"@executable_path/Frameworks",
				);
				PRODUCT_BUNDLE_IDENTIFIER = rafitj.HackWestern;
				PRODUCT_NAME = "$(TARGET_NAME)";
				SWIFT_VERSION = 5.0;
				TARGETED_DEVICE_FAMILY = "1,2";
			};
			name = Release;
		};
		2B9545632568CED70064C069 /* Debug */ = {
			isa = XCBuildConfiguration;
			buildSettings = {
				ALWAYS_EMBED_SWIFT_STANDARD_LIBRARIES = YES;
				BUNDLE_LOADER = "$(TEST_HOST)";
				CODE_SIGN_STYLE = Automatic;
				INFOPLIST_FILE = HackWesternTests/Info.plist;
				IPHONEOS_DEPLOYMENT_TARGET = 14.2;
				LD_RUNPATH_SEARCH_PATHS = (
					"$(inherited)",
					"@executable_path/Frameworks",
					"@loader_path/Frameworks",
				);
				PRODUCT_BUNDLE_IDENTIFIER = rafitj.HackWesternTests;
				PRODUCT_NAME = "$(TARGET_NAME)";
				SWIFT_VERSION = 5.0;
				TARGETED_DEVICE_FAMILY = "1,2";
				TEST_HOST = "$(BUILT_PRODUCTS_DIR)/HackWestern.app/HackWestern";
			};
			name = Debug;
		};
		2B9545642568CED70064C069 /* Release */ = {
			isa = XCBuildConfiguration;
			buildSettings = {
				ALWAYS_EMBED_SWIFT_STANDARD_LIBRARIES = YES;
				BUNDLE_LOADER = "$(TEST_HOST)";
				CODE_SIGN_STYLE = Automatic;
				INFOPLIST_FILE = HackWesternTests/Info.plist;
				IPHONEOS_DEPLOYMENT_TARGET = 14.2;
				LD_RUNPATH_SEARCH_PATHS = (
					"$(inherited)",
					"@executable_path/Frameworks",
					"@loader_path/Frameworks",
				);
				PRODUCT_BUNDLE_IDENTIFIER = rafitj.HackWesternTests;
				PRODUCT_NAME = "$(TARGET_NAME)";
				SWIFT_VERSION = 5.0;
				TARGETED_DEVICE_FAMILY = "1,2";
				TEST_HOST = "$(BUILT_PRODUCTS_DIR)/HackWestern.app/HackWestern";
			};
			name = Release;
		};
		2B9545662568CED70064C069 /* Debug */ = {
			isa = XCBuildConfiguration;
			buildSettings = {
				ALWAYS_EMBED_SWIFT_STANDARD_LIBRARIES = YES;
				CODE_SIGN_STYLE = Automatic;
				INFOPLIST_FILE = HackWesternUITests/Info.plist;
				LD_RUNPATH_SEARCH_PATHS = (
					"$(inherited)",
					"@executable_path/Frameworks",
					"@loader_path/Frameworks",
				);
				PRODUCT_BUNDLE_IDENTIFIER = rafitj.HackWesternUITests;
				PRODUCT_NAME = "$(TARGET_NAME)";
				SWIFT_VERSION = 5.0;
				TARGETED_DEVICE_FAMILY = "1,2";
				TEST_TARGET_NAME = HackWestern;
			};
			name = Debug;
		};
		2B9545672568CED70064C069 /* Release */ = {
			isa = XCBuildConfiguration;
			buildSettings = {
				ALWAYS_EMBED_SWIFT_STANDARD_LIBRARIES = YES;
				CODE_SIGN_STYLE = Automatic;
				INFOPLIST_FILE = HackWesternUITests/Info.plist;
				LD_RUNPATH_SEARCH_PATHS = (
					"$(inherited)",
					"@executable_path/Frameworks",
					"@loader_path/Frameworks",
				);
				PRODUCT_BUNDLE_IDENTIFIER = rafitj.HackWesternUITests;
				PRODUCT_NAME = "$(TARGET_NAME)";
				SWIFT_VERSION = 5.0;
				TARGETED_DEVICE_FAMILY = "1,2";
				TEST_TARGET_NAME = HackWestern;
			};
			name = Release;
		};
/* End XCBuildConfiguration section */

/* Begin XCConfigurationList section */
		2B9545302568CED60064C069 /* Build configuration list for PBXProject "HackWestern" */ = {
			isa = XCConfigurationList;
			buildConfigurations = (
				2B95455D2568CED70064C069 /* Debug */,
				2B95455E2568CED70064C069 /* Release */,
			);
			defaultConfigurationIsVisible = 0;
			defaultConfigurationName = Release;
		};
		2B95455F2568CED70064C069 /* Build configuration list for PBXNativeTarget "HackWestern" */ = {
			isa = XCConfigurationList;
			buildConfigurations = (
				2B9545602568CED70064C069 /* Debug */,
				2B9545612568CED70064C069 /* Release */,
			);
			defaultConfigurationIsVisible = 0;
			defaultConfigurationName = Release;
		};
		2B9545622568CED70064C069 /* Build configuration list for PBXNativeTarget "HackWesternTests" */ = {
			isa = XCConfigurationList;
			buildConfigurations = (
				2B9545632568CED70064C069 /* Debug */,
				2B9545642568CED70064C069 /* Release */,
			);
			defaultConfigurationIsVisible = 0;
			defaultConfigurationName = Release;
		};
		2B9545652568CED70064C069 /* Build configuration list for PBXNativeTarget "HackWesternUITests" */ = {
			isa = XCConfigurationList;
			buildConfigurations = (
				2B9545662568CED70064C069 /* Debug */,
				2B9545672568CED70064C069 /* Release */,
			);
			defaultConfigurationIsVisible = 0;
			defaultConfigurationName = Release;
		};
/* End XCConfigurationList section */
	};
	rootObject = 2B95452D2568CED60064C069 /* Project object */;
}
